
Microsoft Visual Studio Solution File, Format Version 12.00
# Visual Studio Version 17
VisualStudioVersion = 17.14.36202.13
MinimumVisualStudioVersion = 10.0.40219.1
Project("{FAE04EC0-301F-11D3-BF4B-00C04F79EFBC}") = "ProjectVinylStore", "ProjectVinylStore\ProjectVinylStore.csproj", "{D5C1A5AA-9E5A-47FD-BD0F-0545C3F8FE03}"
EndProject
Project("{FAE04EC0-301F-11D3-BF4B-00C04F79EFBC}") = "ProjectVinylStore.DataAccess", "ProjectVinylStore.DataAccess\ProjectVinylStore.DataAccess.csproj", "{3FA79347-5DCB-4ECF-98F6-A0730B1BD786}"
EndProject
Project("{FAE04EC0-301F-11D3-BF4B-00C04F79EFBC}") = "ProjectVinylStore.Business", "ProjectVinylStore.Business\ProjectVinylStore.Business.csproj", "{624BCE1B-C435-408F-BFF9-2226339FEE47}"
EndProject
Global
	GlobalSection(SolutionConfigurationPlatforms) = preSolution
		Debug|Any CPU = Debug|Any CPU
		Release|Any CPU = Release|Any CPU
	EndGlobalSection
	GlobalSection(ProjectConfigurationPlatforms) = postSolution
		{D5C1A5AA-9E5A-47FD-BD0F-0545C3F8FE03}.Debug|Any CPU.ActiveCfg = Debug|Any CPU
		{D5C1A5AA-9E5A-47FD-BD0F-0545C3F8FE03}.Debug|Any CPU.Build.0 = Debug|Any CPU
		{D5C1A5AA-9E5A-47FD-BD0F-0545C3F8FE03}.Release|Any CPU.ActiveCfg = Release|Any CPU
		{D5C1A5AA-9E5A-47FD-BD0F-0545C3F8FE03}.Release|Any CPU.Build.0 = Release|Any CPU
		{3FA79347-5DCB-4ECF-98F6-A0730B1BD786}.Debug|Any CPU.ActiveCfg = Debug|Any CPU
		{3FA79347-5DCB-4ECF-98F6-A0730B1BD786}.Debug|Any CPU.Build.0 = Debug|Any CPU
		{3FA79347-5DCB-4ECF-98F6-A0730B1BD786}.Release|Any CPU.ActiveCfg = Release|Any CPU
		{3FA79347-5DCB-4ECF-98F6-A0730B1BD786}.Release|Any CPU.Build.0 = Release|Any CPU
		{624BCE1B-C435-408F-BFF9-2226339FEE47}.Debug|Any CPU.ActiveCfg = Debug|Any CPU
		{624BCE1B-C435-408F-BFF9-2226339FEE47}.Debug|Any CPU.Build.0 = Debug|Any CPU
		{624BCE1B-C435-408F-BFF9-2226339FEE47}.Release|Any CPU.ActiveCfg = Release|Any CPU
		{624BCE1B-C435-408F-BFF9-2226339FEE47}.Release|Any CPU.Build.0 = Release|Any CPU
	EndGlobalSection
	GlobalSection(SolutionProperties) = preSolution
		HideSolutionNode = FALSE
	EndGlobalSection
	GlobalSection(ExtensibilityGlobals) = postSolution
		SolutionGuid = {0BAE22D8-ACAE-4C8E-81D5-E86A7EFDCCC7}
	EndGlobalSection
EndGlobal
